// !$*UTF8*$!
{
	archiveVersion = 1;
	classes = {
	};
	objectVersion = 50;
	objects = {

/* Begin PBXBuildFile section */
		14C32716218B3C5F007A460C /* AppDelegate.swift in Sources */ = {isa = PBXBuildFile; fileRef = 14C32715218B3C5F007A460C /* AppDelegate.swift */; };
		14C32718218B3C5F007A460C /* creativeViewController.swift in Sources */ = {isa = PBXBuildFile; fileRef = 14C32717218B3C5F007A460C /* creativeViewController.swift */; };
		14C3271B218B3C5F007A460C /* Main.storyboard in Resources */ = {isa = PBXBuildFile; fileRef = 14C32719218B3C5F007A460C /* Main.storyboard */; };
		14C3271D218B3C61007A460C /* Assets.xcassets in Resources */ = {isa = PBXBuildFile; fileRef = 14C3271C218B3C61007A460C /* Assets.xcassets */; };
		14C32720218B3C61007A460C /* LaunchScreen.storyboard in Resources */ = {isa = PBXBuildFile; fileRef = 14C3271E218B3C61007A460C /* LaunchScreen.storyboard */; };
/* End PBXBuildFile section */

/* Begin PBXFileReference section */
		14C32712218B3C5F007A460C /* CreativeevitaerC.app */ = {isa = PBXFileReference; explicitFileType = wrapper.application; includeInIndex = 0; path = CreativeevitaerC.app; sourceTree = BUILT_PRODUCTS_DIR; };
		14C32715218B3C5F007A460C /* AppDelegate.swift */ = {isa = PBXFileReference; lastKnownFileType = sourcecode.swift; path = AppDelegate.swift; sourceTree = "<group>"; };
		14C32717218B3C5F007A460C /* creativeViewController.swift */ = {isa = PBXFileReference; lastKnownFileType = sourcecode.swift; path = creativeViewController.swift; sourceTree = "<group>"; };
		14C3271A218B3C5F007A460C /* Base */ = {isa = PBXFileReference; lastKnownFileType = file.storyboard; name = Base; path = Base.lproj/Main.storyboard; sourceTree = "<group>"; };
		14C3271C218B3C61007A460C /* Assets.xcassets */ = {isa = PBXFileReference; lastKnownFileType = folder.assetcatalog; path = Assets.xcassets; sourceTree = "<group>"; };
		14C3271F218B3C61007A460C /* Base */ = {isa = PBXFileReference; lastKnownFileType = file.storyboard; name = Base; path = Base.lproj/LaunchScreen.storyboard; sourceTree = "<group>"; };
		14C32721218B3C61007A460C /* Info.plist */ = {isa = PBXFileReference; lastKnownFileType = text.plist.xml; path = Info.plist; sourceTree = "<group>"; };
/* End PBXFileReference section */

/* Begin PBXFrameworksBuildPhase section */
		14C3270F218B3C5F007A460C /* Frameworks */ = {
			isa = PBXFrameworksBuildPhase;
			buildActionMask = 2147483647;
			files = (
			);
			runOnlyForDeploymentPostprocessing = 0;
		};
/* End PBXFrameworksBuildPhase section */

/* Begin PBXGroup section */
		14C32709218B3C5F007A460C = {
			isa = PBXGroup;
			children = (
				14C32714218B3C5F007A460C /* CreativeevitaerC */,
				14C32713218B3C5F007A460C /* Products */,
			);
			sourceTree = "<group>";
		};
		14C32713218B3C5F007A460C /* Products */ = {
			isa = PBXGroup;
			children = (
				14C32712218B3C5F007A460C /* CreativeevitaerC.app */,
			);
			name = Products;
			sourceTree = "<group>";
		};
		14C32714218B3C5F007A460C /* CreativeevitaerC */ = {
			isa = PBXGroup;
			children = (
				14C32728218B3CDA007A460C /* ignore */,
				14C32729218B3CE5007A460C /* control */,
				14C32727218B3CC5007A460C /* view */,
			);
			path = CreativeevitaerC;
			sourceTree = "<group>";
		};
		14C32727218B3CC5007A460C /* view */ = {
			isa = PBXGroup;
			children = (
				14C32719218B3C5F007A460C /* Main.storyboard */,
				14C3271E218B3C61007A460C /* LaunchScreen.storyboard */,
			);
			path = view;
			sourceTree = "<group>";
		};
		14C32728218B3CDA007A460C /* ignore */ = {
			isa = PBXGroup;
			children = (
				14C32715218B3C5F007A460C /* AppDelegate.swift */,
				14C3271C218B3C61007A460C /* Assets.xcassets */,
				14C32721218B3C61007A460C /* Info.plist */,
			);
			path = ignore;
			sourceTree = "<group>";
		};
		14C32729218B3CE5007A460C /* control */ = {
			isa = PBXGroup;
			children = (
				14C32717218B3C5F007A460C /* creativeViewController.swift */,
			);
			path = control;
			sourceTree = "<group>";
		};
/* End PBXGroup section */

/* Begin PBXNativeTarget section */
		14C32711218B3C5F007A460C /* CreativeevitaerC */ = {
			isa = PBXNativeTarget;
			buildConfigurationList = 14C32724218B3C61007A460C /* Build configuration list for PBXNativeTarget "CreativeevitaerC" */;
			buildPhases = (
				14C3270E218B3C5F007A460C /* Sources */,
				14C3270F218B3C5F007A460C /* Frameworks */,
				14C32710218B3C5F007A460C /* Resources */,
			);
			buildRules = (
			);
			dependencies = (
			);
			name = CreativeevitaerC;
			productName = CreativeevitaerC;
			productReference = 14C32712218B3C5F007A460C /* CreativeevitaerC.app */;
			productType = "com.apple.product-type.application";
		};
/* End PBXNativeTarget section */

/* Begin PBXProject section */
		14C3270A218B3C5F007A460C /* Project object */ = {
			isa = PBXProject;
			attributes = {
				LastSwiftUpdateCheck = 0940;
				LastUpgradeCheck = 0940;
				ORGANIZATIONNAME = "Denna, Zachary";
				TargetAttributes = {
					14C32711218B3C5F007A460C = {
						CreatedOnToolsVersion = 9.4.1;
					};
				};
			};
			buildConfigurationList = 14C3270D218B3C5F007A460C /* Build configuration list for PBXProject "CreativeevitaerC" */;
			compatibilityVersion = "Xcode 9.3";
			developmentRegion = en;
			hasScannedForEncodings = 0;
			knownRegions = (
				en,
				Base,
			);
			mainGroup = 14C32709218B3C5F007A460C;
			productRefGroup = 14C32713218B3C5F007A460C /* Products */;
			projectDirPath = "";
			projectRoot = "";
			targets = (
				14C32711218B3C5F007A460C /* CreativeevitaerC */,
			);
		};
/* End PBXProject section */

/* Begin PBXResourcesBuildPhase section */
		14C32710218B3C5F007A460C /* Resources */ = {
			isa = PBXResourcesBuildPhase;
			buildActionMask = 2147483647;
			files = (
				14C32720218B3C61007A460C /* LaunchScreen.storyboard in Resources */,
				14C3271D218B3C61007A460C /* Assets.xcassets in Resources */,
				14C3271B218B3C5F007A460C /* Main.storyboard in Resources */,
			);
			runOnlyForDeploymentPostprocessing = 0;
		};
/* End PBXResourcesBuildPhase section */

/* Begin PBXSourcesBuildPhase section */
		14C3270E218B3C5F007A460C /* Sources */ = {
			isa = PBXSourcesBuildPhase;
			buildActionMask = 2147483647;
			files = (
				14C32718218B3C5F007A460C /* creativeViewController.swift in Sources */,
				14C32716218B3C5F007A460C /* AppDelegate.swift in Sources */,
			);
			runOnlyForDeploymentPostprocessing = 0;
		};
/* End PBXSourcesBuildPhase section */

/* Begin PBXVariantGroup section */
		14C32719218B3C5F007A460C /* Main.storyboard */ = {
			isa = PBXVariantGroup;
			children = (
				14C3271A218B3C5F007A460C /* Base */,
			);
			name = Main.storyboard;
			sourceTree = "<group>";
		};
		14C3271E218B3C61007A460C /* LaunchScreen.storyboard */ = {
			isa = PBXVariantGroup;
			children = (
				14C3271F218B3C61007A460C /* Base */,
			);
			name = LaunchScreen.storyboard;
			sourceTree = "<group>";
		};
/* End PBXVariantGroup section */

/* Begin XCBuildConfiguration section */
		14C32722218B3C61007A460C /* Debug */ = {
			isa = XCBuildConfiguration;
			buildSettings = {
				ALWAYS_SEARCH_USER_PATHS = NO;
				CLANG_ANALYZER_NONNULL = YES;
				CLANG_ANALYZER_NUMBER_OBJECT_CONVERSION = YES_AGGRESSIVE;
				CLANG_CXX_LANGUAGE_STANDARD = "gnu++14";
				CLANG_CXX_LIBRARY = "libc++";
				CLANG_ENABLE_MODULES = YES;
				CLANG_ENABLE_OBJC_ARC = YES;
				CLANG_ENABLE_OBJC_WEAK = YES;
				CLANG_WARN_BLOCK_CAPTURE_AUTORELEASING = YES;
				CLANG_WARN_BOOL_CONVERSION = YES;
				CLANG_WARN_COMMA = YES;
				CLANG_WARN_CONSTANT_CONVERSION = YES;
				CLANG_WARN_DEPRECATED_OBJC_IMPLEMENTATIONS = YES;
				CLANG_WARN_DIRECT_OBJC_ISA_USAGE = YES_ERROR;
				CLANG_WARN_DOCUMENTATION_COMMENTS = YES;
				CLANG_WARN_EMPTY_BODY = YES;
				CLANG_WARN_ENUM_CONVERSION = YES;
				CLANG_WARN_INFINITE_RECURSION = YES;
				CLANG_WARN_INT_CONVERSION = YES;
				CLANG_WARN_NON_LITERAL_NULL_CONVERSION = YES;
				CLANG_WARN_OBJC_IMPLICIT_RETAIN_SELF = YES;
				CLANG_WARN_OBJC_LITERAL_CONVERSION = YES;
				CLANG_WARN_OBJC_ROOT_CLASS = YES_ERROR;
				CLANG_WARN_RANGE_LOOP_ANALYSIS = YES;
				CLANG_WARN_STRICT_PROTOTYPES = YES;
				CLANG_WARN_SUSPICIOUS_MOVE = YES;
				CLANG_WARN_UNGUARDED_AVAILABILITY = YES_AGGRESSIVE;
				CLANG_WARN_UNREACHABLE_CODE = YES;
				CLANG_WARN__DUPLICATE_METHOD_MATCH = YES;
				CODE_SIGN_IDENTITY = "iPhone Developer";
				COPY_PHASE_STRIP = NO;
				DEBUG_INFORMATION_FORMAT = dwarf;
				ENABLE_STRICT_OBJC_MSGSEND = YES;
				ENABLE_TESTABILITY = YES;
				GCC_C_LANGUAGE_STANDARD = gnu11;
				GCC_DYNAMIC_NO_PIC = NO;
				GCC_NO_COMMON_BLOCKS = YES;
				GCC_OPTIMIZATION_LEVEL = 0;
				GCC_PREPROCESSOR_DEFINITIONS = (
					"DEBUG=1",
					"$(inherited)",
				);
				GCC_WARN_64_TO_32_BIT_CONVERSION = YES;
				GCC_WARN_ABOUT_RETURN_TYPE = YES_ERROR;
				GCC_WARN_UNDECLARED_SELECTOR = YES;
				GCC_WARN_UNINITIALIZED_AUTOS = YES_AGGRESSIVE;
				GCC_WARN_UNUSED_FUNCTION = YES;
				GCC_WARN_UNUSED_VARIABLE = YES;
				IPHONEOS_DEPLOYMENT_TARGET = 11.4;
				MTL_ENABLE_DEBUG_INFO = YES;
				ONLY_ACTIVE_ARCH = YES;
				SDKROOT = iphoneos;
				SWIFT_ACTIVE_COMPILATION_CONDITIONS = DEBUG;
				SWIFT_OPTIMIZATION_LEVEL = "-Onone";
			};
			name = Debug;
		};
		14C32723218B3C61007A460C /* Release */ = {
			isa = XCBuildConfiguration;
			buildSettings = {
				ALWAYS_SEARCH_USER_PATHS = NO;
				CLANG_ANALYZER_NONNULL = YES;
				CLANG_ANALYZER_NUMBER_OBJECT_CONVERSION = YES_AGGRESSIVE;
				CLANG_CXX_LANGUAGE_STANDARD = "gnu++14";
				CLANG_CXX_LIBRARY = "libc++";
				CLANG_ENABLE_MODULES = YES;
				CLANG_ENABLE_OBJC_ARC = YES;
				CLANG_ENABLE_OBJC_WEAK = YES;
				CLANG_WARN_BLOCK_CAPTURE_AUTORELEASING = YES;
				CLANG_WARN_BOOL_CONVERSION = YES;
				CLANG_WARN_COMMA = YES;
				CLANG_WARN_CONSTANT_CONVERSION = YES;
				CLANG_WARN_DEPRECATED_OBJC_IMPLEMENTATIONS = YES;
				CLANG_WARN_DIRECT_OBJC_ISA_USAGE = YES_ERROR;
				CLANG_WARN_DOCUMENTATION_COMMENTS = YES;
				CLANG_WARN_EMPTY_BODY = YES;
				CLANG_WARN_ENUM_CONVERSION = YES;
				CLANG_WARN_INFINITE_RECURSION = YES;
				CLANG_WARN_INT_CONVERSION = YES;
				CLANG_WARN_NON_LITERAL_NULL_CONVERSION = YES;
				CLANG_WARN_OBJC_IMPLICIT_RETAIN_SELF = YES;
				CLANG_WARN_OBJC_LITERAL_CONVERSION = YES;
				CLANG_WARN_OBJC_ROOT_CLASS = YES_ERROR;
				CLANG_WARN_RANGE_LOOP_ANALYSIS = YES;
				CLANG_WARN_STRICT_PROTOTYPES = YES;
				CLANG_WARN_SUSPICIOUS_MOVE = YES;
				CLANG_WARN_UNGUARDED_AVAILABILITY = YES_AGGRESSIVE;
				CLANG_WARN_UNREACHABLE_CODE = YES;
				CLANG_WARN__DUPLICATE_METHOD_MATCH = YES;
				CODE_SIGN_IDENTITY = "iPhone Developer";
				COPY_PHASE_STRIP = NO;
				DEBUG_INFORMATION_FORMAT = "dwarf-with-dsym";
				ENABLE_NS_ASSERTIONS = NO;
				ENABLE_STRICT_OBJC_MSGSEND = YES;
				GCC_C_LANGUAGE_STANDARD = gnu11;
				GCC_NO_COMMON_BLOCKS = YES;
				GCC_WARN_64_TO_32_BIT_CONVERSION = YES;
				GCC_WARN_ABOUT_RETURN_TYPE = YES_ERROR;
				GCC_WARN_UNDECLARED_SELECTOR = YES;
				GCC_WARN_UNINITIALIZED_AUTOS = YES_AGGRESSIVE;
				GCC_WARN_UNUSED_FUNCTION = YES;
				GCC_WARN_UNUSED_VARIABLE = YES;
				IPHONEOS_DEPLOYMENT_TARGET = 11.4;
				MTL_ENABLE_DEBUG_INFO = NO;
				SDKROOT = iphoneos;
				SWIFT_COMPILATION_MODE = wholemodule;
				SWIFT_OPTIMIZATION_LEVEL = "-O";
				VALIDATE_PRODUCT = YES;
			};
			name = Release;
		};
		14C32725218B3C61007A460C /* Debug */ = {
			isa = XCBuildConfiguration;
			buildSettings = {
				ASSETCATALOG_COMPILER_APPICON_NAME = AppIcon;
				CODE_SIGN_STYLE = Automatic;
				INFOPLIST_FILE = "$(SRCROOT)/CreativeevitaerC/ignore/Info.plist";
				LD_RUNPATH_SEARCH_PATHS = (
					"$(inherited)",
					"@executable_path/Frameworks",
				);
				PRODUCT_BUNDLE_IDENTIFIER = Ctec.CreativeevitaerC;
				PRODUCT_NAME = "$(TARGET_NAME)";
				SWIFT_VERSION = 4.0;
				TARGETED_DEVICE_FAMILY = "1,2";
			};
			name = Debug;
		};
		14C32726218B3C61007A460C /* Release */ = {
			isa = XCBuildConfiguration;
			buildSettings = {
				ASSETCATALOG_COMPILER_APPICON_NAME = AppIcon;
				CODE_SIGN_STYLE = Automatic;
				INFOPLIST_FILE = "$(SRCROOT)/CreativeevitaerC/ignore/Info.plist";
				LD_RUNPATH_SEARCH_PATHS = (
					"$(inherited)",
					"@executable_path/Frameworks",
				);
				PRODUCT_BUNDLE_IDENTIFIER = Ctec.CreativeevitaerC;
				PRODUCT_NAME = "$(TARGET_NAME)";
				SWIFT_VERSION = 4.0;
				TARGETED_DEVICE_FAMILY = "1,2";
			};
			name = Release;
		};
/* End XCBuildConfiguration section */

/* Begin XCConfigurationList section */
		14C3270D218B3C5F007A460C /* Build configuration list for PBXProject "CreativeevitaerC" */ = {
			isa = XCConfigurationList;
			buildConfigurations = (
				14C32722218B3C61007A460C /* Debug */,
				14C32723218B3C61007A460C /* Release */,
			);
			defaultConfigurationIsVisible = 0;
			defaultConfigurationName = Release;
		};
		14C32724218B3C61007A460C /* Build configuration list for PBXNativeTarget "CreativeevitaerC" */ = {
			isa = XCConfigurationList;
			buildConfigurations = (
				14C32725218B3C61007A460C /* Debug */,
				14C32726218B3C61007A460C /* Release */,
			);
			defaultConfigurationIsVisible = 0;
			defaultConfigurationName = Release;
		};
/* End XCConfigurationList section */
	};
	rootObject = 14C3270A218B3C5F007A460C /* Project object */;
}
